// !$*UTF8*$!
{
	archiveVersion = 1;
	classes = {
	};
	objectVersion = 50;
	objects = {

/* Begin PBXBuildFile section */
		813FF75C2343A11700B6DCDA /* AppDelegate.swift in Sources */ = {isa = PBXBuildFile; fileRef = 813FF75B2343A11700B6DCDA /* AppDelegate.swift */; };
		813FF75E2343A11700B6DCDA /* SceneDelegate.swift in Sources */ = {isa = PBXBuildFile; fileRef = 813FF75D2343A11700B6DCDA /* SceneDelegate.swift */; };
		813FF7632343A11700B6DCDA /* Main.storyboard in Resources */ = {isa = PBXBuildFile; fileRef = 813FF7612343A11700B6DCDA /* Main.storyboard */; };
		813FF7652343A11800B6DCDA /* Assets.xcassets in Resources */ = {isa = PBXBuildFile; fileRef = 813FF7642343A11800B6DCDA /* Assets.xcassets */; };
		813FF7682343A11800B6DCDA /* LaunchScreen.storyboard in Resources */ = {isa = PBXBuildFile; fileRef = 813FF7662343A11800B6DCDA /* LaunchScreen.storyboard */; };
		81C8FFAA23453B10001950EE /* FilmsVC.swift in Sources */ = {isa = PBXBuildFile; fileRef = 81C8FFA923453B10001950EE /* FilmsVC.swift */; };
		81C8FFAC23453DA5001950EE /* FilmCell.swift in Sources */ = {isa = PBXBuildFile; fileRef = 81C8FFAB23453DA5001950EE /* FilmCell.swift */; };
		81C8FFAE23453E56001950EE /* Film.swift in Sources */ = {isa = PBXBuildFile; fileRef = 81C8FFAD23453E56001950EE /* Film.swift */; };
		81C8FFB523453F2F001950EE /* AppError.swift in Sources */ = {isa = PBXBuildFile; fileRef = 81C8FFB423453F2F001950EE /* AppError.swift */; };
		81C8FFB723453F70001950EE /* NetworkHelper.swift in Sources */ = {isa = PBXBuildFile; fileRef = 81C8FFB623453F70001950EE /* NetworkHelper.swift */; };
		81C8FFBB23453FC7001950EE /* FilmAPIClient.swift in Sources */ = {isa = PBXBuildFile; fileRef = 81C8FFBA23453FC7001950EE /* FilmAPIClient.swift */; };
		81C8FFBD2345400C001950EE /* PersistenceHelper.swift in Sources */ = {isa = PBXBuildFile; fileRef = 81C8FFBC2345400C001950EE /* PersistenceHelper.swift */; };
/* End PBXBuildFile section */

/* Begin PBXFileReference section */
		813FF7582343A11700B6DCDA /* GhibliPractice.app */ = {isa = PBXFileReference; explicitFileType = wrapper.application; includeInIndex = 0; path = GhibliPractice.app; sourceTree = BUILT_PRODUCTS_DIR; };
		813FF75B2343A11700B6DCDA /* AppDelegate.swift */ = {isa = PBXFileReference; lastKnownFileType = sourcecode.swift; path = AppDelegate.swift; sourceTree = "<group>"; };
		813FF75D2343A11700B6DCDA /* SceneDelegate.swift */ = {isa = PBXFileReference; lastKnownFileType = sourcecode.swift; path = SceneDelegate.swift; sourceTree = "<group>"; };
		813FF7622343A11700B6DCDA /* Base */ = {isa = PBXFileReference; lastKnownFileType = file.storyboard; name = Base; path = Base.lproj/Main.storyboard; sourceTree = "<group>"; };
		813FF7642343A11800B6DCDA /* Assets.xcassets */ = {isa = PBXFileReference; lastKnownFileType = folder.assetcatalog; path = Assets.xcassets; sourceTree = "<group>"; };
		813FF7672343A11800B6DCDA /* Base */ = {isa = PBXFileReference; lastKnownFileType = file.storyboard; name = Base; path = Base.lproj/LaunchScreen.storyboard; sourceTree = "<group>"; };
		813FF7692343A11800B6DCDA /* Info.plist */ = {isa = PBXFileReference; lastKnownFileType = text.plist.xml; path = Info.plist; sourceTree = "<group>"; };
		81C8FFA923453B10001950EE /* FilmsVC.swift */ = {isa = PBXFileReference; lastKnownFileType = sourcecode.swift; path = FilmsVC.swift; sourceTree = "<group>"; };
		81C8FFAB23453DA5001950EE /* FilmCell.swift */ = {isa = PBXFileReference; lastKnownFileType = sourcecode.swift; path = FilmCell.swift; sourceTree = "<group>"; };
		81C8FFAD23453E56001950EE /* Film.swift */ = {isa = PBXFileReference; lastKnownFileType = sourcecode.swift; path = Film.swift; sourceTree = "<group>"; };
		81C8FFB423453F2F001950EE /* AppError.swift */ = {isa = PBXFileReference; lastKnownFileType = sourcecode.swift; path = AppError.swift; sourceTree = "<group>"; };
		81C8FFB623453F70001950EE /* NetworkHelper.swift */ = {isa = PBXFileReference; lastKnownFileType = sourcecode.swift; path = NetworkHelper.swift; sourceTree = "<group>"; };
		81C8FFBA23453FC7001950EE /* FilmAPIClient.swift */ = {isa = PBXFileReference; lastKnownFileType = sourcecode.swift; path = FilmAPIClient.swift; sourceTree = "<group>"; };
		81C8FFBC2345400C001950EE /* PersistenceHelper.swift */ = {isa = PBXFileReference; lastKnownFileType = sourcecode.swift; path = PersistenceHelper.swift; sourceTree = "<group>"; };
/* End PBXFileReference section */

/* Begin PBXFrameworksBuildPhase section */
		813FF7552343A11700B6DCDA /* Frameworks */ = {
			isa = PBXFrameworksBuildPhase;
			buildActionMask = 2147483647;
			files = (
			);
			runOnlyForDeploymentPostprocessing = 0;
		};
/* End PBXFrameworksBuildPhase section */

/* Begin PBXGroup section */
		813FF74F2343A11700B6DCDA = {
			isa = PBXGroup;
			children = (
				813FF75A2343A11700B6DCDA /* GhibliPractice */,
				813FF7592343A11700B6DCDA /* Products */,
			);
			sourceTree = "<group>";
		};
		813FF7592343A11700B6DCDA /* Products */ = {
			isa = PBXGroup;
			children = (
				813FF7582343A11700B6DCDA /* GhibliPractice.app */,
			);
			name = Products;
			sourceTree = "<group>";
		};
		813FF75A2343A11700B6DCDA /* GhibliPractice */ = {
			isa = PBXGroup;
			children = (
				81C8FFB923453FB6001950EE /* Helpers */,
				81C8FFB223453E81001950EE /* Network */,
				81C8FFB123453E77001950EE /* Controllers */,
				81C8FFB023453E62001950EE /* Views */,
				81C8FFAF23453E5C001950EE /* Models */,
				81C8FFB823453F9C001950EE /* Supporting */,
				813FF7612343A11700B6DCDA /* Main.storyboard */,
				813FF7642343A11800B6DCDA /* Assets.xcassets */,
				813FF7662343A11800B6DCDA /* LaunchScreen.storyboard */,
				813FF7692343A11800B6DCDA /* Info.plist */,
			);
			path = GhibliPractice;
			sourceTree = "<group>";
		};
		81C8FFAF23453E5C001950EE /* Models */ = {
			isa = PBXGroup;
			children = (
				81C8FFAD23453E56001950EE /* Film.swift */,
			);
			path = Models;
			sourceTree = "<group>";
		};
		81C8FFB023453E62001950EE /* Views */ = {
			isa = PBXGroup;
			children = (
				81C8FFAB23453DA5001950EE /* FilmCell.swift */,
			);
			path = Views;
			sourceTree = "<group>";
		};
		81C8FFB123453E77001950EE /* Controllers */ = {
			isa = PBXGroup;
			children = (
				81C8FFA923453B10001950EE /* FilmsVC.swift */,
			);
			path = Controllers;
			sourceTree = "<group>";
		};
		81C8FFB223453E81001950EE /* Network */ = {
			isa = PBXGroup;
			children = (
				81C8FFB423453F2F001950EE /* AppError.swift */,
				81C8FFB623453F70001950EE /* NetworkHelper.swift */,
			);
			path = Network;
			sourceTree = "<group>";
		};
		81C8FFB823453F9C001950EE /* Supporting */ = {
			isa = PBXGroup;
			children = (
				813FF75B2343A11700B6DCDA /* AppDelegate.swift */,
				813FF75D2343A11700B6DCDA /* SceneDelegate.swift */,
			);
			path = Supporting;
			sourceTree = "<group>";
		};
		81C8FFB923453FB6001950EE /* Helpers */ = {
			isa = PBXGroup;
			children = (
				81C8FFBA23453FC7001950EE /* FilmAPIClient.swift */,
				81C8FFBC2345400C001950EE /* PersistenceHelper.swift */,
			);
			path = Helpers;
			sourceTree = "<group>";
		};
/* End PBXGroup section */

/* Begin PBXNativeTarget section */
		813FF7572343A11700B6DCDA /* GhibliPractice */ = {
			isa = PBXNativeTarget;
			buildConfigurationList = 813FF76C2343A11800B6DCDA /* Build configuration list for PBXNativeTarget "GhibliPractice" */;
			buildPhases = (
				813FF7542343A11700B6DCDA /* Sources */,
				813FF7552343A11700B6DCDA /* Frameworks */,
				813FF7562343A11700B6DCDA /* Resources */,
			);
			buildRules = (
			);
			dependencies = (
			);
			name = GhibliPractice;
			productName = GhibliPractice;
			productReference = 813FF7582343A11700B6DCDA /* GhibliPractice.app */;
			productType = "com.apple.product-type.application";
		};
/* End PBXNativeTarget section */

/* Begin PBXProject section */
		813FF7502343A11700B6DCDA /* Project object */ = {
			isa = PBXProject;
			attributes = {
				LastSwiftUpdateCheck = 1100;
				LastUpgradeCheck = 1100;
				ORGANIZATIONNAME = "Iram Fattah";
				TargetAttributes = {
					813FF7572343A11700B6DCDA = {
						CreatedOnToolsVersion = 11.0;
					};
				};
			};
			buildConfigurationList = 813FF7532343A11700B6DCDA /* Build configuration list for PBXProject "GhibliPractice" */;
			compatibilityVersion = "Xcode 9.3";
			developmentRegion = en;
			hasScannedForEncodings = 0;
			knownRegions = (
				en,
				Base,
			);
			mainGroup = 813FF74F2343A11700B6DCDA;
			productRefGroup = 813FF7592343A11700B6DCDA /* Products */;
			projectDirPath = "";
			projectRoot = "";
			targets = (
				813FF7572343A11700B6DCDA /* GhibliPractice */,
			);
		};
/* End PBXProject section */

/* Begin PBXResourcesBuildPhase section */
		813FF7562343A11700B6DCDA /* Resources */ = {
			isa = PBXResourcesBuildPhase;
			buildActionMask = 2147483647;
			files = (
				813FF7682343A11800B6DCDA /* LaunchScreen.storyboard in Resources */,
				813FF7652343A11800B6DCDA /* Assets.xcassets in Resources */,
				813FF7632343A11700B6DCDA /* Main.storyboard in Resources */,
			);
			runOnlyForDeploymentPostprocessing = 0;
		};
/* End PBXResourcesBuildPhase section */

/* Begin PBXSourcesBuildPhase section */
		813FF7542343A11700B6DCDA /* Sources */ = {
			isa = PBXSourcesBuildPhase;
			buildActionMask = 2147483647;
			files = (
				81C8FFB723453F70001950EE /* NetworkHelper.swift in Sources */,
				81C8FFAE23453E56001950EE /* Film.swift in Sources */,
				81C8FFAA23453B10001950EE /* FilmsVC.swift in Sources */,
				81C8FFB523453F2F001950EE /* AppError.swift in Sources */,
				81C8FFAC23453DA5001950EE /* FilmCell.swift in Sources */,
				813FF75C2343A11700B6DCDA /* AppDelegate.swift in Sources */,
				813FF75E2343A11700B6DCDA /* SceneDelegate.swift in Sources */,
				81C8FFBD2345400C001950EE /* PersistenceHelper.swift in Sources */,
				81C8FFBB23453FC7001950EE /* FilmAPIClient.swift in Sources */,
			);
			runOnlyForDeploymentPostprocessing = 0;
		};
/* End PBXSourcesBuildPhase section */

/* Begin PBXVariantGroup section */
		813FF7612343A11700B6DCDA /* Main.storyboard */ = {
			isa = PBXVariantGroup;
			children = (
				813FF7622343A11700B6DCDA /* Base */,
			);
			name = Main.storyboard;
			sourceTree = "<group>";
		};
		813FF7662343A11800B6DCDA /* LaunchScreen.storyboard */ = {
			isa = PBXVariantGroup;
			children = (
				813FF7672343A11800B6DCDA /* Base */,
			);
			name = LaunchScreen.storyboard;
			sourceTree = "<group>";
		};
/* End PBXVariantGroup section */

/* Begin XCBuildConfiguration section */
		813FF76A2343A11800B6DCDA /* Debug */ = {
			isa = XCBuildConfiguration;
			buildSettings = {
				ALWAYS_SEARCH_USER_PATHS = NO;
				CLANG_ANALYZER_NONNULL = YES;
				CLANG_ANALYZER_NUMBER_OBJECT_CONVERSION = YES_AGGRESSIVE;
				CLANG_CXX_LANGUAGE_STANDARD = "gnu++14";
				CLANG_CXX_LIBRARY = "libc++";
				CLANG_ENABLE_MODULES = YES;
				CLANG_ENABLE_OBJC_ARC = YES;
				CLANG_ENABLE_OBJC_WEAK = YES;
				CLANG_WARN_BLOCK_CAPTURE_AUTORELEASING = YES;
				CLANG_WARN_BOOL_CONVERSION = YES;
				CLANG_WARN_COMMA = YES;
				CLANG_WARN_CONSTANT_CONVERSION = YES;
				CLANG_WARN_DEPRECATED_OBJC_IMPLEMENTATIONS = YES;
				CLANG_WARN_DIRECT_OBJC_ISA_USAGE = YES_ERROR;
				CLANG_WARN_DOCUMENTATION_COMMENTS = YES;
				CLANG_WARN_EMPTY_BODY = YES;
				CLANG_WARN_ENUM_CONVERSION = YES;
				CLANG_WARN_INFINITE_RECURSION = YES;
				CLANG_WARN_INT_CONVERSION = YES;
				CLANG_WARN_NON_LITERAL_NULL_CONVERSION = YES;
				CLANG_WARN_OBJC_IMPLICIT_RETAIN_SELF = YES;
				CLANG_WARN_OBJC_LITERAL_CONVERSION = YES;
				CLANG_WARN_OBJC_ROOT_CLASS = YES_ERROR;
				CLANG_WARN_RANGE_LOOP_ANALYSIS = YES;
				CLANG_WARN_STRICT_PROTOTYPES = YES;
				CLANG_WARN_SUSPICIOUS_MOVE = YES;
				CLANG_WARN_UNGUARDED_AVAILABILITY = YES_AGGRESSIVE;
				CLANG_WARN_UNREACHABLE_CODE = YES;
				CLANG_WARN__DUPLICATE_METHOD_MATCH = YES;
				COPY_PHASE_STRIP = NO;
				DEBUG_INFORMATION_FORMAT = dwarf;
				ENABLE_STRICT_OBJC_MSGSEND = YES;
				ENABLE_TESTABILITY = YES;
				GCC_C_LANGUAGE_STANDARD = gnu11;
				GCC_DYNAMIC_NO_PIC = NO;
				GCC_NO_COMMON_BLOCKS = YES;
				GCC_OPTIMIZATION_LEVEL = 0;
				GCC_PREPROCESSOR_DEFINITIONS = (
					"DEBUG=1",
					"$(inherited)",
				);
				GCC_WARN_64_TO_32_BIT_CONVERSION = YES;
				GCC_WARN_ABOUT_RETURN_TYPE = YES_ERROR;
				GCC_WARN_UNDECLARED_SELECTOR = YES;
				GCC_WARN_UNINITIALIZED_AUTOS = YES_AGGRESSIVE;
				GCC_WARN_UNUSED_FUNCTION = YES;
				GCC_WARN_UNUSED_VARIABLE = YES;
				IPHONEOS_DEPLOYMENT_TARGET = 13.0;
				MTL_ENABLE_DEBUG_INFO = INCLUDE_SOURCE;
				MTL_FAST_MATH = YES;
				ONLY_ACTIVE_ARCH = YES;
				SDKROOT = iphoneos;
				SWIFT_ACTIVE_COMPILATION_CONDITIONS = DEBUG;
				SWIFT_OPTIMIZATION_LEVEL = "-Onone";
			};
			name = Debug;
		};
		813FF76B2343A11800B6DCDA /* Release */ = {
			isa = XCBuildConfiguration;
			buildSettings = {
				ALWAYS_SEARCH_USER_PATHS = NO;
				CLANG_ANALYZER_NONNULL = YES;
				CLANG_ANALYZER_NUMBER_OBJECT_CONVERSION = YES_AGGRESSIVE;
				CLANG_CXX_LANGUAGE_STANDARD = "gnu++14";
				CLANG_CXX_LIBRARY = "libc++";
				CLANG_ENABLE_MODULES = YES;
				CLANG_ENABLE_OBJC_ARC = YES;
				CLANG_ENABLE_OBJC_WEAK = YES;
				CLANG_WARN_BLOCK_CAPTURE_AUTORELEASING = YES;
				CLANG_WARN_BOOL_CONVERSION = YES;
				CLANG_WARN_COMMA = YES;
				CLANG_WARN_CONSTANT_CONVERSION = YES;
				CLANG_WARN_DEPRECATED_OBJC_IMPLEMENTATIONS = YES;
				CLANG_WARN_DIRECT_OBJC_ISA_USAGE = YES_ERROR;
				CLANG_WARN_DOCUMENTATION_COMMENTS = YES;
				CLANG_WARN_EMPTY_BODY = YES;
				CLANG_WARN_ENUM_CONVERSION = YES;
				CLANG_WARN_INFINITE_RECURSION = YES;
				CLANG_WARN_INT_CONVERSION = YES;
				CLANG_WARN_NON_LITERAL_NULL_CONVERSION = YES;
				CLANG_WARN_OBJC_IMPLICIT_RETAIN_SELF = YES;
				CLANG_WARN_OBJC_LITERAL_CONVERSION = YES;
				CLANG_WARN_OBJC_ROOT_CLASS = YES_ERROR;
				CLANG_WARN_RANGE_LOOP_ANALYSIS = YES;
				CLANG_WARN_STRICT_PROTOTYPES = YES;
				CLANG_WARN_SUSPICIOUS_MOVE = YES;
				CLANG_WARN_UNGUARDED_AVAILABILITY = YES_AGGRESSIVE;
				CLANG_WARN_UNREACHABLE_CODE = YES;
				CLANG_WARN__DUPLICATE_METHOD_MATCH = YES;
				COPY_PHASE_STRIP = NO;
				DEBUG_INFORMATION_FORMAT = "dwarf-with-dsym";
				ENABLE_NS_ASSERTIONS = NO;
				ENABLE_STRICT_OBJC_MSGSEND = YES;
				GCC_C_LANGUAGE_STANDARD = gnu11;
				GCC_NO_COMMON_BLOCKS = YES;
				GCC_WARN_64_TO_32_BIT_CONVERSION = YES;
				GCC_WARN_ABOUT_RETURN_TYPE = YES_ERROR;
				GCC_WARN_UNDECLARED_SELECTOR = YES;
				GCC_WARN_UNINITIALIZED_AUTOS = YES_AGGRESSIVE;
				GCC_WARN_UNUSED_FUNCTION = YES;
				GCC_WARN_UNUSED_VARIABLE = YES;
				IPHONEOS_DEPLOYMENT_TARGET = 13.0;
				MTL_ENABLE_DEBUG_INFO = NO;
				MTL_FAST_MATH = YES;
				SDKROOT = iphoneos;
				SWIFT_COMPILATION_MODE = wholemodule;
				SWIFT_OPTIMIZATION_LEVEL = "-O";
				VALIDATE_PRODUCT = YES;
			};
			name = Release;
		};
		813FF76D2343A11800B6DCDA /* Debug */ = {
			isa = XCBuildConfiguration;
			buildSettings = {
				ASSETCATALOG_COMPILER_APPICON_NAME = AppIcon;
				CODE_SIGN_STYLE = Automatic;
				DEVELOPMENT_TEAM = V9HW99M5PX;
				INFOPLIST_FILE = GhibliPractice/Info.plist;
				LD_RUNPATH_SEARCH_PATHS = (
					"$(inherited)",
					"@executable_path/Frameworks",
				);
				PRODUCT_BUNDLE_IDENTIFIER = Iram.GhibliPractice;
				PRODUCT_NAME = "$(TARGET_NAME)";
				SWIFT_VERSION = 5.0;
				TARGETED_DEVICE_FAMILY = "1,2";
			};
			name = Debug;
		};
		813FF76E2343A11800B6DCDA /* Release */ = {
			isa = XCBuildConfiguration;
			buildSettings = {
				ASSETCATALOG_COMPILER_APPICON_NAME = AppIcon;
				CODE_SIGN_STYLE = Automatic;
				DEVELOPMENT_TEAM = V9HW99M5PX;
				INFOPLIST_FILE = GhibliPractice/Info.plist;
				LD_RUNPATH_SEARCH_PATHS = (
					"$(inherited)",
					"@executable_path/Frameworks",
				);
				PRODUCT_BUNDLE_IDENTIFIER = Iram.GhibliPractice;
				PRODUCT_NAME = "$(TARGET_NAME)";
				SWIFT_VERSION = 5.0;
				TARGETED_DEVICE_FAMILY = "1,2";
			};
			name = Release;
		};
/* End XCBuildConfiguration section */

/* Begin XCConfigurationList section */
		813FF7532343A11700B6DCDA /* Build configuration list for PBXProject "GhibliPractice" */ = {
			isa = XCConfigurationList;
			buildConfigurations = (
				813FF76A2343A11800B6DCDA /* Debug */,
				813FF76B2343A11800B6DCDA /* Release */,
			);
			defaultConfigurationIsVisible = 0;
			defaultConfigurationName = Release;
		};
		813FF76C2343A11800B6DCDA /* Build configuration list for PBXNativeTarget "GhibliPractice" */ = {
			isa = XCConfigurationList;
			buildConfigurations = (
				813FF76D2343A11800B6DCDA /* Debug */,
				813FF76E2343A11800B6DCDA /* Release */,
			);
			defaultConfigurationIsVisible = 0;
			defaultConfigurationName = Release;
		};
/* End XCConfigurationList section */
	};
	rootObject = 813FF7502343A11700B6DCDA /* Project object */;
}
